PODS:
  - Alamofire (4.0.1)
  - Realm (2.0.2):
    - Realm/Headers (= 2.0.2)
  - Realm/Headers (2.0.2)
  - RealmSwift (2.0.2):
    - Realm (= 2.0.2)
  - SwiftCharts (0.4)

DEPENDENCIES:
  - Alamofire (~> 4.0)
  - RealmSwift
  - SwiftCharts (from `https://github.com/i-schuetz/SwiftCharts.git`)

EXTERNAL SOURCES:
  SwiftCharts:
    :git: https://github.com/i-schuetz/SwiftCharts.git

CHECKOUT OPTIONS:
  SwiftCharts:
    :commit: 1705b493b9239cbeb74c484eb9fa9694e42e5b7d
    :git: https://github.com/i-schuetz/SwiftCharts.git

SPEC CHECKSUMS:
  Alamofire: 7682d43245de14874acd142ec137b144aa1dd335
  Realm: 0f5a194af0b7e6158b83db41b4ee1a00be7ddf1a
  RealmSwift: 0eb5070d851cba7c66e841ca756d83609dc78bc8
  SwiftCharts: 84b43d9d70b791459ff5f50ae5a6704326de309d

PODFILE CHECKSUM: 1595d7133cbea22403affba90d71c044b5ff18f5

COCOAPODS: 1.0.1
